
Microsoft Visual Studio Solution File, Format Version 12.00
# Visual Studio 2013
VisualStudioVersion = 12.0.21005.1
MinimumVisualStudioVersion = 10.0.40219.1
Project("{FAE04EC0-301F-11D3-BF4B-00C04F79EFBC}") = "学生信息管理系统", "学生信息管理系统\学生信息管理系统.csproj", "{71FEB127-B49C-4D27-A264-40E7B5F6AEDC}"
EndProject
Global
	GlobalSection(SolutionConfigurationPlatforms) = preSolution
		Debug|Any CPU = Debug|Any CPU
		Release|Any CPU = Release|Any CPU
	EndGlobalSection
	GlobalSection(ProjectConfigurationPlatforms) = postSolution
		{71FEB127-B49C-4D27-A264-40E7B5F6AEDC}.Debug|Any CPU.ActiveCfg = Debug|Any CPU
		{71FEB127-B49C-4D27-A264-40E7B5F6AEDC}.Debug|Any CPU.Build.0 = Debug|Any CPU
		{71FEB127-B49C-4D27-A264-40E7B5F6AEDC}.Release|Any CPU.ActiveCfg = Release|Any CPU
		{71FEB127-B49C-4D27-A264-40E7B5F6AEDC}.Release|Any CPU.Build.0 = Release|Any CPU
	EndGlobalSection
	GlobalSection(SolutionProperties) = preSolution
		HideSolutionNode = FALSE
	EndGlobalSection
EndGlobal
